
Microsoft Visual Studio Solution File, Format Version 12.00
Project("{FAE04EC0-301F-11D3-BF4B-00C04F79EFBC}") = "OsirisPlugin", "OsirisPlugin.csproj", "{802629CF-D2BF-4391-B52A-BDB2A690B99A}"
EndProject
Global
	GlobalSection(SolutionConfigurationPlatforms) = preSolution
		Debug|Any CPU = Debug|Any CPU
		Release|Any CPU = Release|Any CPU
	EndGlobalSection
	GlobalSection(ProjectConfigurationPlatforms) = postSolution
		{802629CF-D2BF-4391-B52A-BDB2A690B99A}.Debug|Any CPU.ActiveCfg = Debug|Any CPU
		{802629CF-D2BF-4391-B52A-BDB2A690B99A}.Debug|Any CPU.Build.0 = Debug|Any CPU
		{802629CF-D2BF-4391-B52A-BDB2A690B99A}.Release|Any CPU.ActiveCfg = Release|Any CPU
		{802629CF-D2BF-4391-B52A-BDB2A690B99A}.Release|Any CPU.Build.0 = Release|Any CPU
	EndGlobalSection
EndGlobal
